
Microsoft Visual Studio Solution File, Format Version 12.00
# Visual Studio Version 17
VisualStudioVersion = 17.9.34622.214
MinimumVisualStudioVersion = 10.0.40219.1
Project("{FAE04EC0-301F-11D3-BF4B-00C04F79EFBC}") = "TableTalkz", "TableTalkz.csproj", "{5318A095-F262-4973-BAA5-49ACF8AB9CFC}"
EndProject
Global
	GlobalSection(SolutionConfigurationPlatforms) = preSolution
		Debug|Any CPU = Debug|Any CPU
		Release|Any CPU = Release|Any CPU
	EndGlobalSection
	GlobalSection(ProjectConfigurationPlatforms) = postSolution
		{5318A095-F262-4973-BAA5-49ACF8AB9CFC}.Debug|Any CPU.ActiveCfg = Debug|Any CPU
		{5318A095-F262-4973-BAA5-49ACF8AB9CFC}.Debug|Any CPU.Build.0 = Debug|Any CPU
		{5318A095-F262-4973-BAA5-49ACF8AB9CFC}.Debug|Any CPU.Deploy.0 = Debug|Any CPU
		{5318A095-F262-4973-BAA5-49ACF8AB9CFC}.Release|Any CPU.ActiveCfg = Release|Any CPU
		{5318A095-F262-4973-BAA5-49ACF8AB9CFC}.Release|Any CPU.Build.0 = Release|Any CPU
		{5318A095-F262-4973-BAA5-49ACF8AB9CFC}.Release|Any CPU.Deploy.0 = Release|Any CPU
	EndGlobalSection
	GlobalSection(SolutionProperties) = preSolution
		HideSolutionNode = FALSE
	EndGlobalSection
	GlobalSection(ExtensibilityGlobals) = postSolution
		SolutionGuid = {58787E0E-8128-4944-BB74-F24477CD24D8}
	EndGlobalSection
EndGlobal
